
Microsoft Visual Studio Solution File, Format Version 12.00
# Visual Studio 14
VisualStudioVersion = 14.0.25420.1
MinimumVisualStudioVersion = 10.0.40219.1
Project("{2150E333-8FDC-42A3-9474-1A3956D46DE8}") = "src", "src", "{7681582B-55D4-46A3-88BF-FA6BFE3C11C9}"
EndProject
Project("{2150E333-8FDC-42A3-9474-1A3956D46DE8}") = "Solution Items", "Solution Items", "{B106AD04-BB4B-438D-BF7F-227A11CE18C2}"
	ProjectSection(SolutionItems) = preProject
		global.json = global.json
	EndProjectSection
EndProject
Project("{8BB2217D-0F2D-49D1-97BC-3654ED321F3B}") = "Kravate4", "src\Kravate4\Kravate4.xproj", "{5D721CFB-D2F7-44E8-A9BA-02CB7FD13419}"
EndProject
Global
	GlobalSection(SolutionConfigurationPlatforms) = preSolution
		Debug|Any CPU = Debug|Any CPU
		Release|Any CPU = Release|Any CPU
	EndGlobalSection
	GlobalSection(ProjectConfigurationPlatforms) = postSolution
		{5D721CFB-D2F7-44E8-A9BA-02CB7FD13419}.Debug|Any CPU.ActiveCfg = Debug|Any CPU
		{5D721CFB-D2F7-44E8-A9BA-02CB7FD13419}.Debug|Any CPU.Build.0 = Debug|Any CPU
		{5D721CFB-D2F7-44E8-A9BA-02CB7FD13419}.Release|Any CPU.ActiveCfg = Release|Any CPU
		{5D721CFB-D2F7-44E8-A9BA-02CB7FD13419}.Release|Any CPU.Build.0 = Release|Any CPU
	EndGlobalSection
	GlobalSection(SolutionProperties) = preSolution
		HideSolutionNode = FALSE
	EndGlobalSection
	GlobalSection(NestedProjects) = preSolution
		{5D721CFB-D2F7-44E8-A9BA-02CB7FD13419} = {7681582B-55D4-46A3-88BF-FA6BFE3C11C9}
	EndGlobalSection
EndGlobal
